
Microsoft Visual Studio Solution File, Format Version 12.00
# Visual Studio Version 17
VisualStudioVersion = 17.1.32328.378
MinimumVisualStudioVersion = 10.0.40219.1
Project("{2150E333-8FDC-42A3-9474-1A3956D46DE8}") = "src", "src", "{D5AF2D56-B2BB-4EA6-B3A6-76A9C4C498B3}"
EndProject
Project("{2150E333-8FDC-42A3-9474-1A3956D46DE8}") = "services", "services", "{19AE206C-8C34-49AE-B7EB-F21E0140110D}"
EndProject
Project("{2150E333-8FDC-42A3-9474-1A3956D46DE8}") = "web", "web", "{E919E314-0A16-4B3D-996A-295E42292705}"
EndProject
Project("{9A19103F-16F7-4668-BE54-9A1E7A4F7556}") = "ProductCatalogAPI", "ProductCatalogAPI\ProductCatalogAPI.csproj", "{79835E1E-1F4C-4B7A-A217-ABABE754A884}"
EndProject
Project("{E53339B2-1760-4266-BCC7-CA923CBCF16C}") = "docker-compose", "docker-compose.dcproj", "{12180955-637A-479C-92BB-0771685DA800}"
EndProject
Project("{FAE04EC0-301F-11D3-BF4B-00C04F79EFBC}") = "WebMvc", "WebMvc\WebMvc.csproj", "{29B7F61E-4A79-4FBF-AB02-87A7E8B48B94}"
EndProject
Global
	GlobalSection(SolutionConfigurationPlatforms) = preSolution
		Debug|Any CPU = Debug|Any CPU
		Release|Any CPU = Release|Any CPU
	EndGlobalSection
	GlobalSection(ProjectConfigurationPlatforms) = postSolution
		{79835E1E-1F4C-4B7A-A217-ABABE754A884}.Debug|Any CPU.ActiveCfg = Debug|Any CPU
		{79835E1E-1F4C-4B7A-A217-ABABE754A884}.Debug|Any CPU.Build.0 = Debug|Any CPU
		{79835E1E-1F4C-4B7A-A217-ABABE754A884}.Release|Any CPU.ActiveCfg = Release|Any CPU
		{79835E1E-1F4C-4B7A-A217-ABABE754A884}.Release|Any CPU.Build.0 = Release|Any CPU
		{12180955-637A-479C-92BB-0771685DA800}.Debug|Any CPU.ActiveCfg = Debug|Any CPU
		{12180955-637A-479C-92BB-0771685DA800}.Debug|Any CPU.Build.0 = Debug|Any CPU
		{12180955-637A-479C-92BB-0771685DA800}.Release|Any CPU.ActiveCfg = Release|Any CPU
		{12180955-637A-479C-92BB-0771685DA800}.Release|Any CPU.Build.0 = Release|Any CPU
		{29B7F61E-4A79-4FBF-AB02-87A7E8B48B94}.Debug|Any CPU.ActiveCfg = Debug|Any CPU
		{29B7F61E-4A79-4FBF-AB02-87A7E8B48B94}.Debug|Any CPU.Build.0 = Debug|Any CPU
		{29B7F61E-4A79-4FBF-AB02-87A7E8B48B94}.Release|Any CPU.ActiveCfg = Release|Any CPU
		{29B7F61E-4A79-4FBF-AB02-87A7E8B48B94}.Release|Any CPU.Build.0 = Release|Any CPU
	EndGlobalSection
	GlobalSection(SolutionProperties) = preSolution
		HideSolutionNode = FALSE
	EndGlobalSection
	GlobalSection(NestedProjects) = preSolution
		{19AE206C-8C34-49AE-B7EB-F21E0140110D} = {D5AF2D56-B2BB-4EA6-B3A6-76A9C4C498B3}
		{E919E314-0A16-4B3D-996A-295E42292705} = {D5AF2D56-B2BB-4EA6-B3A6-76A9C4C498B3}
		{79835E1E-1F4C-4B7A-A217-ABABE754A884} = {19AE206C-8C34-49AE-B7EB-F21E0140110D}
		{29B7F61E-4A79-4FBF-AB02-87A7E8B48B94} = {E919E314-0A16-4B3D-996A-295E42292705}
	EndGlobalSection
	GlobalSection(ExtensibilityGlobals) = postSolution
		SolutionGuid = {F219B6B6-2C87-4625-B9E8-5D29983B2C9D}
	EndGlobalSection
EndGlobal
